# THIS IS AN AUTOGENERATED FILE. DO NOT EDIT THIS FILE DIRECTLY.
# yarn lockfile v1


arr-diff@^2.0.0:
  version "2.0.0"
  resolved "http://registry.npm.taobao.org/arr-diff/download/arr-diff-2.0.0.tgz#8f3b827f955a8bd669697e4a4256ac3ceae356cf"
  dependencies:
    arr-flatten "^1.0.1"

arr-flatten@^1.0.1:
  version "1.0.1"
  resolved "http://registry.npm.taobao.org/arr-flatten/download/arr-flatten-1.0.1.tgz#e5ffe54d45e19f32f216e91eb99c8ce892bb604b"

array-unique@^0.2.1:
  version "0.2.1"
  resolved "http://registry.npm.taobao.org/array-unique/download/array-unique-0.2.1.tgz#a1d97ccafcbc2625cc70fadceb36a50c58b01a53"

atom-message-panel@^1.3.0:
  version "1.3.0"
  resolved "http://registry.npm.taobao.org/atom-message-panel/download/atom-message-panel-1.3.0.tgz#04e20229540766bcd356555dabfa98d5bedd313c"
  dependencies:
    atom-space-pen-views "^2.2.0"

atom-space-pen-views@^2.2.0:
  version "2.2.0"
  resolved "http://registry.npm.taobao.org/atom-space-pen-views/download/atom-space-pen-views-2.2.0.tgz#a65b2c920ed02f724014fa7d3e5c3d78fbf59997"
  dependencies:
    fuzzaldrin "^2.1.0"
    space-pen "^5.1.2"

balanced-match@^0.4.1:
  version "0.4.2"
  resolved "http://registry.npm.taobao.org/balanced-match/download/balanced-match-0.4.2.tgz#cb3f3e3c732dc0f01ee70b403f302e61d7709838"

betterMatch@^1.0.9:
  version "1.0.9"
  resolved "http://registry.npm.taobao.org/betterMatch/download/betterMatch-1.0.9.tgz#978e987be1bffab88fca87a818223ec941ace135"
  dependencies:
    convertPinyin "^1.0.3"
    lodash "^4.16.6"

bl@^1.1.2:
  version "1.1.2"
  resolved "http://registry.npm.taobao.org/bl/download/bl-1.1.2.tgz#fdca871a99713aa00d19e3bbba41c44787a65398"
  dependencies:
    readable-stream "~2.0.5"

bluebird@^3.4.7:
  version "3.4.7"
  resolved "http://registry.npm.taobao.org/bluebird/download/bluebird-3.4.7.tgz#f72d760be09b7f76d08ed8fae98b289a8d05fab3"

brace-expansion@^1.0.0:
  version "1.1.6"
  resolved "http://registry.npm.taobao.org/brace-expansion/download/brace-expansion-1.1.6.tgz#7197d7eaa9b87e648390ea61fc66c84427420df9"
  dependencies:
    balanced-match "^0.4.1"
    concat-map "0.0.1"

braces@^1.8.2:
  version "1.8.5"
  resolved "http://registry.npm.taobao.org/braces/download/braces-1.8.5.tgz#ba77962e12dff969d6b76711e914b737857bf6a7"
  dependencies:
    expand-range "^1.8.1"
    preserve "^0.2.0"
    repeat-element "^1.1.2"

buffer-shims@^1.0.0:
  version "1.0.0"
  resolved "http://registry.npm.taobao.org/buffer-shims/download/buffer-shims-1.0.0.tgz#9978ce317388c649ad8793028c3477ef044a8b51"

callback-stream@^1.0.2:
  version "1.1.0"
  resolved "http://registry.npm.taobao.org/callback-stream/download/callback-stream-1.1.0.tgz#4701a51266f06e06eaa71fc17233822d875f4908"
  dependencies:
    inherits "^2.0.1"
    readable-stream "> 1.0.0 < 3.0.0"

colors@^1.1.2:
  version "1.1.2"
  resolved "http://registry.npm.taobao.org/colors/download/colors-1.1.2.tgz#168a4701756b6a7f51a12ce0c97bfa28c084ed63"

commist@^1.0.0:
  version "1.0.0"
  resolved "http://registry.npm.taobao.org/commist/download/commist-1.0.0.tgz#c0c352501cf6f52e9124e3ef89c9806e2022ebef"
  dependencies:
    leven "^1.0.0"
    minimist "^1.1.0"

concat-map@0.0.1:
  version "0.0.1"
  resolved "http://registry.npm.taobao.org/concat-map/download/concat-map-0.0.1.tgz#d8a96bd77fd68df7793a73036a3ba0d5405d477b"

concat-stream@^1.4.7:
  version "1.5.2"
  resolved "http://registry.npm.taobao.org/concat-stream/download/concat-stream-1.5.2.tgz#708978624d856af41a5a741defdd261da752c266"
  dependencies:
    inherits "~2.0.1"
    readable-stream "~2.0.0"
    typedarray "~0.0.5"

convertPinyin@^1.0.3, convertPinyin@^1.0.4:
  version "1.0.4"
  resolved "http://registry.npm.taobao.org/convertPinyin/download/convertPinyin-1.0.4.tgz#bbd16c3f36914b546e42db2304ad224f7d4b6144"
  dependencies:
    lodash "^4.16.6"

core-util-is@~1.0.0:
  version "1.0.2"
  resolved "http://registry.npm.taobao.org/core-util-is/download/core-util-is-1.0.2.tgz#b5fd54220aa2bc5ab57aab7140c940754503c1a7"

d@^0.1.1, d@~0.1.1:
  version "0.1.1"
  resolved "http://registry.npm.taobao.org/d/download/d-0.1.1.tgz#da184c535d18d8ee7ba2aa229b914009fae11309"
  dependencies:
    es5-ext "~0.10.2"

double-ended-queue@^2.1.0-0:
  version "2.1.0-0"
  resolved "http://registry.npm.taobao.org/double-ended-queue/download/double-ended-queue-2.1.0-0.tgz#103d3527fd31528f40188130c841efdd78264e5c"

duplexify@^3.2.0:
  version "3.5.0"
  resolved "http://registry.npm.taobao.org/duplexify/download/duplexify-3.5.0.tgz#1aa773002e1578457e9d9d4a50b0ccaaebcbd604"
  dependencies:
    end-of-stream "1.0.0"
    inherits "^2.0.1"
    readable-stream "^2.0.0"
    stream-shift "^1.0.0"

emissary@^1.2.0:
  version "1.3.3"
  resolved "http://registry.npm.taobao.org/emissary/download/emissary-1.3.3.tgz#a618d92d682b232d31111dc3625a5df661799606"
  dependencies:
    es6-weak-map "^0.1.2"
    mixto "1.x"
    property-accessors "^1.1"
    underscore-plus "1.x"

end-of-stream@1.0.0:
  version "1.0.0"
  resolved "http://registry.npm.taobao.org/end-of-stream/download/end-of-stream-1.0.0.tgz#d4596e702734a93e40e9af864319eabd99ff2f0e"
  dependencies:
    once "~1.3.0"

end-of-stream@^1.1.0:
  version "1.1.0"
  resolved "http://registry.npm.taobao.org/end-of-stream/download/end-of-stream-1.1.0.tgz#e9353258baa9108965efc41cb0ef8ade2f3cfb07"
  dependencies:
    once "~1.3.0"

es5-ext@^0.10.7, es5-ext@~0.10.11, es5-ext@~0.10.2, es5-ext@~0.10.5, es5-ext@~0.10.6:
  version "0.10.12"
  resolved "http://registry.npm.taobao.org/es5-ext/download/es5-ext-0.10.12.tgz#aa84641d4db76b62abba5e45fd805ecbab140047"
  dependencies:
    es6-iterator "2"
    es6-symbol "~3.1"

es6-iterator@2:
  version "2.0.0"
  resolved "http://registry.npm.taobao.org/es6-iterator/download/es6-iterator-2.0.0.tgz#bd968567d61635e33c0b80727613c9cb4b096bac"
  dependencies:
    d "^0.1.1"
    es5-ext "^0.10.7"
    es6-symbol "3"

es6-iterator@~0.1.3:
  version "0.1.3"
  resolved "http://registry.npm.taobao.org/es6-iterator/download/es6-iterator-0.1.3.tgz#d6f58b8c4fc413c249b4baa19768f8e4d7c8944e"
  dependencies:
    d "~0.1.1"
    es5-ext "~0.10.5"
    es6-symbol "~2.0.1"

es6-symbol@3, es6-symbol@~3.1:
  version "3.1.0"
  resolved "http://registry.npm.taobao.org/es6-symbol/download/es6-symbol-3.1.0.tgz#94481c655e7a7cad82eba832d97d5433496d7ffa"
  dependencies:
    d "~0.1.1"
    es5-ext "~0.10.11"

es6-symbol@~2.0.1:
  version "2.0.1"
  resolved "http://registry.npm.taobao.org/es6-symbol/download/es6-symbol-2.0.1.tgz#761b5c67cfd4f1d18afb234f691d678682cb3bf3"
  dependencies:
    d "~0.1.1"
    es5-ext "~0.10.5"

es6-weak-map@^0.1.2:
  version "0.1.4"
  resolved "http://registry.npm.taobao.org/es6-weak-map/download/es6-weak-map-0.1.4.tgz#706cef9e99aa236ba7766c239c8b9e286ea7d228"
  dependencies:
    d "~0.1.1"
    es5-ext "~0.10.6"
    es6-iterator "~0.1.3"
    es6-symbol "~2.0.1"

expand-brackets@^0.1.4:
  version "0.1.5"
  resolved "http://registry.npm.taobao.org/expand-brackets/download/expand-brackets-0.1.5.tgz#df07284e342a807cd733ac5af72411e581d1177b"
  dependencies:
    is-posix-bracket "^0.1.0"

expand-range@^1.8.1:
  version "1.8.2"
  resolved "http://registry.npm.taobao.org/expand-range/download/expand-range-1.8.2.tgz#a299effd335fe2721ebae8e257ec79644fc85337"
  dependencies:
    fill-range "^2.1.0"

extend-shallow@^2.0.1:
  version "2.0.1"
  resolved "http://registry.npm.taobao.org/extend-shallow/download/extend-shallow-2.0.1.tgz#51af7d614ad9a9f610ea1bafbb989d6b1c56890f"
  dependencies:
    is-extendable "^0.1.0"

extend@^3.0.0:
  version "3.0.0"
  resolved "http://registry.npm.taobao.org/extend/download/extend-3.0.0.tgz#5a474353b9f3353ddd8176dfd37b91c83a46f1d4"

extglob@^0.3.1:
  version "0.3.2"
  resolved "http://registry.npm.taobao.org/extglob/download/extglob-0.3.2.tgz#2e18ff3d2f49ab2765cec9023f011daa8d8349a1"
  dependencies:
    is-extglob "^1.0.0"

filename-regex@^2.0.0:
  version "2.0.0"
  resolved "http://registry.npm.taobao.org/filename-regex/download/filename-regex-2.0.0.tgz#996e3e80479b98b9897f15a8a58b3d084e926775"

fill-range@^2.1.0:
  version "2.2.3"
  resolved "http://registry.npm.taobao.org/fill-range/download/fill-range-2.2.3.tgz#50b77dfd7e469bc7492470963699fe7a8485a723"
  dependencies:
    is-number "^2.1.0"
    isobject "^2.0.0"
    randomatic "^1.1.3"
    repeat-element "^1.1.2"
    repeat-string "^1.5.2"

for-in@^0.1.5:
  version "0.1.6"
  resolved "http://registry.npm.taobao.org/for-in/download/for-in-0.1.6.tgz#c9f96e89bfad18a545af5ec3ed352a1d9e5b4dc8"

for-own@^0.1.4:
  version "0.1.4"
  resolved "http://registry.npm.taobao.org/for-own/download/for-own-0.1.4.tgz#0149b41a39088c7515f51ebe1c1386d45f935072"
  dependencies:
    for-in "^0.1.5"

fs-extra@^2.0.0:
  version "2.0.0"
  resolved "http://registry.npm.taobao.org/fs-extra/download/fs-extra-2.0.0.tgz#337352bded4a0b714f3eb84de8cea765e9d37600"
  dependencies:
    graceful-fs "^4.1.2"
    jsonfile "^2.1.0"

fs.realpath@^1.0.0:
  version "1.0.0"
  resolved "http://registry.npm.taobao.org/fs.realpath/download/fs.realpath-1.0.0.tgz#1504ad2523158caa40db4a2787cb01411994ea4f"

fuzzaldrin@^2.1.0:
  version "2.1.0"
  resolved "http://registry.npm.taobao.org/fuzzaldrin/download/fuzzaldrin-2.1.0.tgz#90204c3e2fdaa6941bb28d16645d418063a90e9b"

glob-base@^0.3.0:
  version "0.3.0"
  resolved "http://registry.npm.taobao.org/glob-base/download/glob-base-0.3.0.tgz#dbb164f6221b1c0b1ccf82aea328b497df0ea3c4"
  dependencies:
    glob-parent "^2.0.0"
    is-glob "^2.0.0"

glob-parent@^2.0.0:
  version "2.0.0"
  resolved "http://registry.npm.taobao.org/glob-parent/download/glob-parent-2.0.0.tgz#81383d72db054fcccf5336daa902f182f6edbb28"
  dependencies:
    is-glob "^2.0.0"

glob-parent@^3.0.0:
  version "3.0.1"
  resolved "http://registry.npm.taobao.org/glob-parent/download/glob-parent-3.0.1.tgz#60021327cc963ddc3b5f085764f500479ecd82ff"
  dependencies:
    is-glob "^3.1.0"
    path-dirname "^1.0.0"

glob-stream@^5.3.2:
  version "5.3.5"
  resolved "http://registry.npm.taobao.org/glob-stream/download/glob-stream-5.3.5.tgz#a55665a9a8ccdc41915a87c701e32d4e016fad22"
  dependencies:
    extend "^3.0.0"
    glob "^5.0.3"
    glob-parent "^3.0.0"
    micromatch "^2.3.7"
    ordered-read-streams "^0.3.0"
    through2 "^0.6.0"
    to-absolute-glob "^0.1.1"
    unique-stream "^2.0.2"

glob@^5.0.3:
  version "5.0.15"
  resolved "http://registry.npm.taobao.org/glob/download/glob-5.0.15.tgz#1bc936b9e02f4a603fcc222ecf7633d30b8b93b1"
  dependencies:
    inflight "^1.0.4"
    inherits "2"
    minimatch "2 || 3"
    once "^1.3.0"
    path-is-absolute "^1.0.0"

glob@^7.1.1:
  version "7.1.1"
  resolved "http://registry.npm.taobao.org/glob/download/glob-7.1.1.tgz#805211df04faaf1c63a3600306cdf5ade50b2ec8"
  dependencies:
    fs.realpath "^1.0.0"
    inflight "^1.0.4"
    inherits "2"
    minimatch "^3.0.2"
    once "^1.3.0"
    path-is-absolute "^1.0.0"

graceful-fs@^4.1.2, graceful-fs@^4.1.6:
  version "4.1.9"
  resolved "http://registry.npm.taobao.org/graceful-fs/download/graceful-fs-4.1.9.tgz#baacba37d19d11f9d146d3578bc99958c3787e29"

grim@^1.0.0:
  version "1.5.0"
  resolved "http://registry.npm.taobao.org/grim/download/grim-1.5.0.tgz#b32b08ef567cf1852f81759ed9c68b0d71396a32"
  dependencies:
    emissary "^1.2.0"

help-me@^1.0.0:
  version "1.0.1"
  resolved "http://registry.npm.taobao.org/help-me/download/help-me-1.0.1.tgz#b6893c8b0ed9d3c60db83560fa75b4d0097a8d5a"
  dependencies:
    callback-stream "^1.0.2"
    glob-stream "^5.3.2"
    through2 "^2.0.1"
    xtend "^4.0.0"

inflight@^1.0.4:
  version "1.0.6"
  resolved "http://registry.npm.taobao.org/inflight/download/inflight-1.0.6.tgz#49bd6331d7d02d0c09bc910a1075ba8165b56df9"
  dependencies:
    once "^1.3.0"
    wrappy "1"

inherits@2, inherits@^2.0.1, inherits@^2.0.3, inherits@~2.0.1:
  version "2.0.3"
  resolved "http://registry.npm.taobao.org/inherits/download/inherits-2.0.3.tgz#633c2c83e3da42a502f52466022480f4208261de"

is-buffer@^1.0.2:
  version "1.1.4"
  resolved "http://registry.npm.taobao.org/is-buffer/download/is-buffer-1.1.4.tgz#cfc86ccd5dc5a52fa80489111c6920c457e2d98b"

is-dotfile@^1.0.0:
  version "1.0.2"
  resolved "http://registry.npm.taobao.org/is-dotfile/download/is-dotfile-1.0.2.tgz#2c132383f39199f8edc268ca01b9b007d205cc4d"

is-equal-shallow@^0.1.3:
  version "0.1.3"
  resolved "http://registry.npm.taobao.org/is-equal-shallow/download/is-equal-shallow-0.1.3.tgz#2238098fc221de0bcfa5d9eac4c45d638aa1c534"
  dependencies:
    is-primitive "^2.0.0"

is-extendable@^0.1.0, is-extendable@^0.1.1:
  version "0.1.1"
  resolved "http://registry.npm.taobao.org/is-extendable/download/is-extendable-0.1.1.tgz#62b110e289a471418e3ec36a617d472e301dfc89"

is-extglob@^1.0.0:
  version "1.0.0"
  resolved "http://registry.npm.taobao.org/is-extglob/download/is-extglob-1.0.0.tgz#ac468177c4943405a092fc8f29760c6ffc6206c0"

is-extglob@^2.1.0:
  version "2.1.0"
  resolved "http://registry.npm.taobao.org/is-extglob/download/is-extglob-2.1.0.tgz#33411a482b046bf95e6b0cb27ee2711af4cf15ad"

is-glob@^2.0.0, is-glob@^2.0.1:
  version "2.0.1"
  resolved "http://registry.npm.taobao.org/is-glob/download/is-glob-2.0.1.tgz#d096f926a3ded5600f3fdfd91198cb0888c2d863"
  dependencies:
    is-extglob "^1.0.0"

is-glob@^3.1.0:
  version "3.1.0"
  resolved "http://registry.npm.taobao.org/is-glob/download/is-glob-3.1.0.tgz#7ba5ae24217804ac70707b96922567486cc3e84a"
  dependencies:
    is-extglob "^2.1.0"

is-number@^2.0.2, is-number@^2.1.0:
  version "2.1.0"
  resolved "http://registry.npm.taobao.org/is-number/download/is-number-2.1.0.tgz#01fcbbb393463a548f2f466cce16dece49db908f"
  dependencies:
    kind-of "^3.0.2"

is-posix-bracket@^0.1.0:
  version "0.1.1"
  resolved "http://registry.npm.taobao.org/is-posix-bracket/download/is-posix-bracket-0.1.1.tgz#3334dc79774368e92f016e6fbc0a88f5cd6e6bc4"

is-primitive@^2.0.0:
  version "2.0.0"
  resolved "http://registry.npm.taobao.org/is-primitive/download/is-primitive-2.0.0.tgz#207bab91638499c07b2adf240a41a87210034575"

is-stream@^1.0.1:
  version "1.1.0"
  resolved "http://registry.npm.taobao.org/is-stream/download/is-stream-1.1.0.tgz#12d4a3dd4e68e0b79ceb8dbc84173ae80d91ca44"

isarray@0.0.1:
  version "0.0.1"
  resolved "http://registry.npm.taobao.org/isarray/download/isarray-0.0.1.tgz#8a18acfca9a8f4177e09abfc6038939b05d1eedf"

isarray@1.0.0, isarray@~1.0.0:
  version "1.0.0"
  resolved "http://registry.npm.taobao.org/isarray/download/isarray-1.0.0.tgz#bb935d48582cba168c06834957a54a3e07124f11"

isobject@^2.0.0:
  version "2.1.0"
  resolved "http://registry.npm.taobao.org/isobject/download/isobject-2.1.0.tgz#f065561096a3f1da2ef46272f815c840d87e0c89"
  dependencies:
    isarray "1.0.0"

jquery@2.1.4:
  version "2.1.4"
  resolved "http://registry.npm.taobao.org/jquery/download/jquery-2.1.4.tgz#228bde698a0c61431dc2630a6a154f15890d2317"

json-stable-stringify@^1.0.0:
  version "1.0.1"
  resolved "http://registry.npm.taobao.org/json-stable-stringify/download/json-stable-stringify-1.0.1.tgz#9a759d39c5f2ff503fd5300646ed445f88c4f9af"
  dependencies:
    jsonify "~0.0.0"

jsonfile@^2.1.0:
  version "2.4.0"
  resolved "http://registry.npm.taobao.org/jsonfile/download/jsonfile-2.4.0.tgz#3736a2b428b87bbda0cc83b53fa3d633a35c2ae8"
  optionalDependencies:
    graceful-fs "^4.1.6"

jsonify@~0.0.0:
  version "0.0.0"
  resolved "http://registry.npm.taobao.org/jsonify/download/jsonify-0.0.0.tgz#2c74b6ee41d93ca51b7b5aaee8f503631d252a73"

kind-of@^3.0.2:
  version "3.0.4"
  resolved "http://registry.npm.taobao.org/kind-of/download/kind-of-3.0.4.tgz#7b8ecf18a4e17f8269d73b501c9f232c96887a74"
  dependencies:
    is-buffer "^1.0.2"

leven@^1.0.0:
  version "1.0.2"
  resolved "http://registry.npm.taobao.org/leven/download/leven-1.0.2.tgz#9144b6eebca5f1d0680169f1a6770dcea60b75c3"

lodash@^4.16.6:
  version "4.16.6"
  resolved "http://registry.npm.taobao.org/lodash/download/lodash-4.16.6.tgz#d22c9ac660288f3843e16ba7d2b5d06cca27d777"

lodash@^4.17.4:
  version "4.17.4"
  resolved "http://registry.npm.taobao.org/lodash/download/lodash-4.17.4.tgz#78203a4d1c328ae1d86dca6460e369b57f4055ae"

micromatch@^2.3.7:
  version "2.3.11"
  resolved "http://registry.npm.taobao.org/micromatch/download/micromatch-2.3.11.tgz#86677c97d1720b363431d04d0d15293bd38c1565"
  dependencies:
    arr-diff "^2.0.0"
    array-unique "^0.2.1"
    braces "^1.8.2"
    expand-brackets "^0.1.4"
    extglob "^0.3.1"
    filename-regex "^2.0.0"
    is-extglob "^1.0.0"
    is-glob "^2.0.1"
    kind-of "^3.0.2"
    normalize-path "^2.0.1"
    object.omit "^2.0.0"
    parse-glob "^3.0.4"
    regex-cache "^0.4.2"

"minimatch@2 || 3", minimatch@^3.0.2:
  version "3.0.3"
  resolved "http://registry.npm.taobao.org/minimatch/download/minimatch-3.0.3.tgz#2a4e4090b96b2db06a9d7df01055a62a77c9b774"
  dependencies:
    brace-expansion "^1.0.0"

minimist@^1.1.0:
  version "1.2.0"
  resolved "http://registry.npm.taobao.org/minimist/download/minimist-1.2.0.tgz#a35008b20f41383eec1fb914f4cd5df79a264284"

mixto@1.x:
  version "1.0.0"
  resolved "http://registry.npm.taobao.org/mixto/download/mixto-1.0.0.tgz#c320ef61b52f2898f522e17d8bbc6d506d8425b6"

moment@^2.17.1:
  version "2.17.1"
  resolved "http://registry.npm.taobao.org/moment/download/moment-2.17.1.tgz#fed9506063f36b10f066c8b59a144d7faebe1d82"

mqtt-packet@^5.0.0:
  version "5.2.0"
  resolved "http://registry.npm.taobao.org/mqtt-packet/download/mqtt-packet-5.2.0.tgz#5a05fec716850881b18583bb2fcf8603ace14c47"
  dependencies:
    bl "^1.1.2"
    inherits "^2.0.3"
    process-nextick-args "^1.0.7"

mqtt@^2.3.1:
  version "2.3.1"
  resolved "http://registry.npm.taobao.org/mqtt/download/mqtt-2.3.1.tgz#9cfc1497b6c53d27d85f9f553fc3da10516b063a"
  dependencies:
    commist "^1.0.0"
    concat-stream "^1.4.7"
    end-of-stream "^1.1.0"
    help-me "^1.0.0"
    inherits "^2.0.1"
    minimist "^1.1.0"
    mqtt-packet "^5.0.0"
    pump "^1.0.1"
    readable-stream "^2.1.0"
    reinterval "^1.0.1"
    split2 "^2.0.1"
    websocket-stream "^3.3.2"
    xtend "^4.0.0"

normalize-path@^2.0.1:
  version "2.0.1"
  resolved "http://registry.npm.taobao.org/normalize-path/download/normalize-path-2.0.1.tgz#47886ac1662760d4261b7d979d241709d3ce3f7a"

object.omit@^2.0.0:
  version "2.0.1"
  resolved "http://registry.npm.taobao.org/object.omit/download/object.omit-2.0.1.tgz#1a9c744829f39dbb858c76ca3579ae2a54ebd1fa"
  dependencies:
    for-own "^0.1.4"
    is-extendable "^0.1.1"

once@^1.3.0, once@^1.3.1:
  version "1.4.0"
  resolved "http://registry.npm.taobao.org/once/download/once-1.4.0.tgz#583b1aa775961d4b113ac17d9c50baef9dd76bd1"
  dependencies:
    wrappy "1"

once@~1.3.0:
  version "1.3.3"
  resolved "http://registry.npm.taobao.org/once/download/once-1.3.3.tgz#b2e261557ce4c314ec8304f3fa82663e4297ca20"
  dependencies:
    wrappy "1"

options@>=0.0.5:
  version "0.0.6"
  resolved "http://registry.npm.taobao.org/options/download/options-0.0.6.tgz#ec22d312806bb53e731773e7cdaefcf1c643128f"

ordered-read-streams@^0.3.0:
  version "0.3.0"
  resolved "http://registry.npm.taobao.org/ordered-read-streams/download/ordered-read-streams-0.3.0.tgz#7137e69b3298bb342247a1bbee3881c80e2fd78b"
  dependencies:
    is-stream "^1.0.1"
    readable-stream "^2.0.1"

parse-glob@^3.0.4:
  version "3.0.4"
  resolved "http://registry.npm.taobao.org/parse-glob/download/parse-glob-3.0.4.tgz#b2c376cfb11f35513badd173ef0bb6e3a388391c"
  dependencies:
    glob-base "^0.3.0"
    is-dotfile "^1.0.0"
    is-extglob "^1.0.0"
    is-glob "^2.0.0"

path-dirname@^1.0.0:
  version "1.0.2"
  resolved "http://registry.npm.taobao.org/path-dirname/download/path-dirname-1.0.2.tgz#cc33d24d525e099a5388c0336c6e32b9160609e0"

path-is-absolute@^1.0.0:
  version "1.0.1"
  resolved "http://registry.npm.taobao.org/path-is-absolute/download/path-is-absolute-1.0.1.tgz#174b9268735534ffbc7ace6bf53a5a9e1b5c5f5f"

preserve@^0.2.0:
  version "0.2.0"
  resolved "http://registry.npm.taobao.org/preserve/download/preserve-0.2.0.tgz#815ed1f6ebc65926f865b310c0713bcb3315ce4b"

process-nextick-args@^1.0.7, process-nextick-args@~1.0.6:
  version "1.0.7"
  resolved "http://registry.npm.taobao.org/process-nextick-args/download/process-nextick-args-1.0.7.tgz#150e20b756590ad3f91093f25a4f2ad8bff30ba3"

property-accessors@^1.1:
  version "1.1.3"
  resolved "http://registry.npm.taobao.org/property-accessors/download/property-accessors-1.1.3.tgz#1dde84024631865909ef30703365680c5f928b15"
  dependencies:
    es6-weak-map "^0.1.2"
    mixto "1.x"

pump@^1.0.1:
  version "1.0.1"
  resolved "http://registry.npm.taobao.org/pump/download/pump-1.0.1.tgz#f1f1409fb9bd1085bbdb576b43b84ec4b5eadc1a"
  dependencies:
    end-of-stream "^1.1.0"
    once "^1.3.1"

randomatic@^1.1.3:
  version "1.1.5"
  resolved "http://registry.npm.taobao.org/randomatic/download/randomatic-1.1.5.tgz#5e9ef5f2d573c67bd2b8124ae90b5156e457840b"
  dependencies:
    is-number "^2.0.2"
    kind-of "^3.0.2"

"readable-stream@> 1.0.0 < 3.0.0", readable-stream@^2.0.0, readable-stream@^2.0.1, readable-stream@^2.1.0:
  version "2.1.5"
  resolved "http://registry.npm.taobao.org/readable-stream/download/readable-stream-2.1.5.tgz#66fa8b720e1438b364681f2ad1a63c618448c9d0"
  dependencies:
    buffer-shims "^1.0.0"
    core-util-is "~1.0.0"
    inherits "~2.0.1"
    isarray "~1.0.0"
    process-nextick-args "~1.0.6"
    string_decoder "~0.10.x"
    util-deprecate "~1.0.1"

"readable-stream@>=1.0.33-1 <1.1.0-0":
  version "1.0.34"
  resolved "http://registry.npm.taobao.org/readable-stream/download/readable-stream-1.0.34.tgz#125820e34bc842d2f2aaafafe4c2916ee32c157c"
  dependencies:
    core-util-is "~1.0.0"
    inherits "~2.0.1"
    isarray "0.0.1"
    string_decoder "~0.10.x"

readable-stream@~2.0.0, readable-stream@~2.0.5:
  version "2.0.6"
  resolved "http://registry.npm.taobao.org/readable-stream/download/readable-stream-2.0.6.tgz#8f90341e68a53ccc928788dacfcd11b36eb9b78e"
  dependencies:
    core-util-is "~1.0.0"
    inherits "~2.0.1"
    isarray "~1.0.0"
    process-nextick-args "~1.0.6"
    string_decoder "~0.10.x"
    util-deprecate "~1.0.1"

redis-commands@^1.2.0:
  version "1.3.0"
  resolved "http://registry.npm.taobao.org/redis-commands/download/redis-commands-1.3.0.tgz#4307d8094aee1315829ab6729b37b99f62365d63"

redis-parser@^2.0.0:
  version "2.1.1"
  resolved "http://registry.npm.taobao.org/redis-parser/download/redis-parser-2.1.1.tgz#80240272ce7dba0bd43152dc716d29134b2625bb"

redis@^2.6.5:
  version "2.6.5"
  resolved "http://registry.npm.taobao.org/redis/download/redis-2.6.5.tgz#87c1eff4a489f94b70871f3d08b6988f23a95687"
  dependencies:
    double-ended-queue "^2.1.0-0"
    redis-commands "^1.2.0"
    redis-parser "^2.0.0"

regex-cache@^0.4.2:
  version "0.4.3"
  resolved "http://registry.npm.taobao.org/regex-cache/download/regex-cache-0.4.3.tgz#9b1a6c35d4d0dfcef5711ae651e8e9d3d7114145"
  dependencies:
    is-equal-shallow "^0.1.3"
    is-primitive "^2.0.0"

reinterval@^1.0.1:
  version "1.1.0"
  resolved "http://registry.npm.taobao.org/reinterval/download/reinterval-1.1.0.tgz#3361ecfa3ca6c18283380dd0bb9546f390f5ece7"

repeat-element@^1.1.2:
  version "1.1.2"
  resolved "http://registry.npm.taobao.org/repeat-element/download/repeat-element-1.1.2.tgz#ef089a178d1483baae4d93eb98b4f9e4e11d990a"

repeat-string@^1.5.2:
  version "1.6.1"
  resolved "http://registry.npm.taobao.org/repeat-string/download/repeat-string-1.6.1.tgz#8dcae470e1c88abc2d600fff4a776286da75e637"

space-pen@^5.1.2:
  version "5.1.2"
  resolved "http://registry.npm.taobao.org/space-pen/download/space-pen-5.1.2.tgz#22fbbe10e0b044e7b7a47b023da99d94b584ef8f"
  dependencies:
    grim "^1.0.0"
    jquery "2.1.4"
    underscore-plus "1.x"

split2@^2.0.1:
  version "2.1.0"
  resolved "http://registry.npm.taobao.org/split2/download/split2-2.1.0.tgz#7382c148cb622c4b28af7c727f9673730b73f474"
  dependencies:
    through2 "~2.0.0"

stream-shift@^1.0.0:
  version "1.0.0"
  resolved "http://registry.npm.taobao.org/stream-shift/download/stream-shift-1.0.0.tgz#d5c752825e5367e786f78e18e445ea223a155952"

string_decoder@~0.10.x:
  version "0.10.31"
  resolved "http://registry.npm.taobao.org/string_decoder/download/string_decoder-0.10.31.tgz#62e203bc41766c6c28c9fc84301dab1c5310fa94"

through2-filter@^2.0.0:
  version "2.0.0"
  resolved "http://registry.npm.taobao.org/through2-filter/download/through2-filter-2.0.0.tgz#60bc55a0dacb76085db1f9dae99ab43f83d622ec"
  dependencies:
    through2 "~2.0.0"
    xtend "~4.0.0"

through2@^0.6.0:
  version "0.6.5"
  resolved "http://registry.npm.taobao.org/through2/download/through2-0.6.5.tgz#41ab9c67b29d57209071410e1d7a7a968cd3ad48"
  dependencies:
    readable-stream ">=1.0.33-1 <1.1.0-0"
    xtend ">=4.0.0 <4.1.0-0"

through2@^2.0.0, through2@^2.0.1, through2@~2.0.0:
  version "2.0.1"
  resolved "http://registry.npm.taobao.org/through2/download/through2-2.0.1.tgz#384e75314d49f32de12eebb8136b8eb6b5d59da9"
  dependencies:
    readable-stream "~2.0.0"
    xtend "~4.0.0"

to-absolute-glob@^0.1.1:
  version "0.1.1"
  resolved "http://registry.npm.taobao.org/to-absolute-glob/download/to-absolute-glob-0.1.1.tgz#1cdfa472a9ef50c239ee66999b662ca0eb39937f"
  dependencies:
    extend-shallow "^2.0.1"

typedarray@~0.0.5:
  version "0.0.6"
  resolved "http://registry.npm.taobao.org/typedarray/download/typedarray-0.0.6.tgz#867ac74e3864187b1d3d47d996a78ec5c8830777"

ultron@1.0.x:
  version "1.0.2"
  resolved "http://registry.npm.taobao.org/ultron/download/ultron-1.0.2.tgz#ace116ab557cd197386a4e88f4685378c8b2e4fa"

underscore-plus@1.x:
  version "1.6.6"
  resolved "http://registry.npm.taobao.org/underscore-plus/download/underscore-plus-1.6.6.tgz#65ecde1bdc441a35d89e650fd70dcf13ae439a7d"
  dependencies:
    underscore "~1.6.0"

underscore@~1.6.0:
  version "1.6.0"
  resolved "http://registry.npm.taobao.org/underscore/download/underscore-1.6.0.tgz#8b38b10cacdef63337b8b24e4ff86d45aea529a8"

unique-stream@^2.0.2:
  version "2.2.1"
  resolved "http://registry.npm.taobao.org/unique-stream/download/unique-stream-2.2.1.tgz#5aa003cfbe94c5ff866c4e7d668bb1c4dbadb369"
  dependencies:
    json-stable-stringify "^1.0.0"
    through2-filter "^2.0.0"

util-deprecate@~1.0.1:
  version "1.0.2"
  resolved "http://registry.npm.taobao.org/util-deprecate/download/util-deprecate-1.0.2.tgz#450d4dc9fa70de732762fbd2d4a28981419a0ccf"

uuid@^3.0.1:
  version "3.0.1"
  resolved "http://registry.npm.taobao.org/uuid/download/uuid-3.0.1.tgz#6544bba2dfda8c1cf17e629a3a305e2bb1fee6c1"

websocket-stream@^3.3.2:
  version "3.3.3"
  resolved "http://registry.npm.taobao.org/websocket-stream/download/websocket-stream-3.3.3.tgz#361da5404a337e60cfbc29b4a46368762679df0b"
  dependencies:
    duplexify "^3.2.0"
    inherits "^2.0.1"
    through2 "^2.0.0"
    ws "^1.0.1"
    xtend "^4.0.0"

wrappy@1:
  version "1.0.2"
  resolved "http://registry.npm.taobao.org/wrappy/download/wrappy-1.0.2.tgz#b5243d8f3ec1aa35f1364605bc0d1036e30ab69f"

ws@^1.0.1:
  version "1.1.1"
  resolved "http://registry.npm.taobao.org/ws/download/ws-1.1.1.tgz#082ddb6c641e85d4bb451f03d52f06eabdb1f018"
  dependencies:
    options ">=0.0.5"
    ultron "1.0.x"

"xtend@>=4.0.0 <4.1.0-0", xtend@^4.0.0, xtend@~4.0.0:
  version "4.0.1"
  resolved "http://registry.npm.taobao.org/xtend/download/xtend-4.0.1.tgz#a5c6d532be656e23db820efb943a1f04998d63af"
